{
  "version": 4,
  "terraform_version": "1.11.2",
  "serial": 18,
  "lineage": "4aad48d1-af54-10a0-591e-ff61bd151a7e",
  "outputs": {},
  "resources": [
    {
      "mode": "managed",
      "type": "google_compute_network",
      "name": "myvpc",
      "provider": "provider[\"registry.terraform.io/hashicorp/google\"]",
      "instances": [
        {
          "schema_version": 0,
          "attributes": {
            "auto_create_subnetworks": false,
            "delete_default_routes_on_create": false,
            "description": "",
            "enable_ula_internal_ipv6": false,
            "gateway_ipv4": "",
            "id": "projects/terraform-454909/global/networks/terraform-454909-vpc",
            "internal_ipv6_range": "",
            "mtu": 0,
            "name": "terraform-454909-vpc",
            "network_firewall_policy_enforcement_order": "AFTER_CLASSIC_FIREWALL",
            "project": "terraform-454909",
            "routing_mode": "REGIONAL",
            "self_link": "https://www.googleapis.com/compute/v1/projects/terraform-454909/global/networks/terraform-454909-vpc",
            "timeouts": null
          },
          "sensitive_attributes": [],
          "private": "eyJlMmJmYjczMC1lY2FhLTExZTYtOGY4OC0zNDM2M2JjN2M0YzAiOnsiY3JlYXRlIjoxMjAwMDAwMDAwMDAwLCJkZWxldGUiOjEyMDAwMDAwMDAwMDAsInVwZGF0ZSI6MTIwMDAwMDAwMDAwMH19"
        }
      ]
    },
    {
      "mode": "managed",
      "type": "google_compute_subnetwork",
      "name": "mysubnet",
      "provider": "provider[\"registry.terraform.io/hashicorp/google\"]",
      "instances": [
        {
          "schema_version": 0,
          "attributes": {
            "creation_timestamp": "2025-03-26T02:50:15.837-07:00",
            "description": "",
            "external_ipv6_prefix": "",
            "fingerprint": null,
            "gateway_address": "10.10.0.1",
            "id": "projects/terraform-454909/regions/europe-west9/subnetworks/terraform-454909-subnet",
            "internal_ipv6_prefix": "",
            "ip_cidr_range": "10.10.0.0/24",
            "ipv6_access_type": "",
            "ipv6_cidr_range": "",
            "log_config": [],
            "name": "terraform-454909-subnet",
            "network": "https://www.googleapis.com/compute/v1/projects/terraform-454909/global/networks/terraform-454909-vpc",
            "private_ip_google_access": true,
            "private_ipv6_google_access": "DISABLE_GOOGLE_ACCESS",
            "project": "terraform-454909",
            "purpose": "PRIVATE",
            "region": "europe-west9",
            "role": "",
            "secondary_ip_range": [
              {
                "ip_cidr_range": "10.192.0.0/14",
                "range_name": "gke-terraform-454909-gke-cluster-pods-0ce56c0a"
              }
            ],
            "self_link": "https://www.googleapis.com/compute/v1/projects/terraform-454909/regions/europe-west9/subnetworks/terraform-454909-subnet",
            "stack_type": "IPV4_ONLY",
            "timeouts": null
          },
          "sensitive_attributes": [],
          "private": "eyJlMmJmYjczMC1lY2FhLTExZTYtOGY4OC0zNDM2M2JjN2M0YzAiOnsiY3JlYXRlIjoxMjAwMDAwMDAwMDAwLCJkZWxldGUiOjEyMDAwMDAwMDAwMDAsInVwZGF0ZSI6MTIwMDAwMDAwMDAwMH19",
          "dependencies": [
            "google_compute_network.myvpc"
          ]
        }
      ]
    },
    {
      "mode": "managed",
      "type": "google_container_cluster",
      "name": "primary",
      "provider": "provider[\"registry.terraform.io/hashicorp/google\"]",
      "instances": [
        {
          "schema_version": 2,
          "attributes": {
            "addons_config": [
              {
                "cloudrun_config": [],
                "config_connector_config": [],
                "dns_cache_config": [],
                "gce_persistent_disk_csi_driver_config": [
                  {
                    "enabled": true
                  }
                ],
                "gcp_filestore_csi_driver_config": [],
                "gcs_fuse_csi_driver_config": [],
                "gke_backup_agent_config": [],
                "horizontal_pod_autoscaling": [],
                "http_load_balancing": [],
                "network_policy_config": [
                  {
                    "disabled": true
                  }
                ]
              }
            ],
            "allow_net_admin": null,
            "authenticator_groups_config": [],
            "binary_authorization": [
              {
                "enabled": false,
                "evaluation_mode": ""
              }
            ],
            "cluster_autoscaling": [
              {
                "auto_provisioning_defaults": [],
                "enabled": false,
                "resource_limits": []
              }
            ],
            "cluster_ipv4_cidr": "10.192.0.0/14",
            "confidential_nodes": [],
            "cost_management_config": [],
            "database_encryption": [
              {
                "key_name": "",
                "state": "DECRYPTED"
              }
            ],
            "datapath_provider": "",
            "default_max_pods_per_node": 110,
            "default_snat_status": [
              {
                "disabled": false
              }
            ],
            "deletion_protection": true,
            "description": "",
            "dns_config": [],
            "enable_autopilot": false,
            "enable_intranode_visibility": false,
            "enable_k8s_beta_apis": [],
            "enable_kubernetes_alpha": false,
            "enable_l4_ilb_subsetting": false,
            "enable_legacy_abac": false,
            "enable_shielded_nodes": true,
            "enable_tpu": false,
            "endpoint": "34.155.36.182",
            "fleet": [],
            "gateway_api_config": [],
            "id": "projects/terraform-454909/locations/europe-west9/clusters/terraform-454909-gke-cluster",
            "identity_service_config": [],
            "initial_node_count": 1,
            "ip_allocation_policy": [
              {
                "additional_pod_ranges_config": [],
                "cluster_ipv4_cidr_block": "10.192.0.0/14",
                "cluster_secondary_range_name": "gke-terraform-454909-gke-cluster-pods-0ce56c0a",
                "pod_cidr_overprovision_config": [
                  {
                    "disabled": false
                  }
                ],
                "services_ipv4_cidr_block": "34.118.224.0/20",
                "services_secondary_range_name": "",
                "stack_type": "IPV4"
              }
            ],
            "label_fingerprint": "a9dc16a7",
            "location": "europe-west9",
            "logging_config": [
              {
                "enable_components": [
                  "SYSTEM_COMPONENTS",
                  "WORKLOADS"
                ]
              }
            ],
            "logging_service": "logging.googleapis.com/kubernetes",
            "maintenance_policy": [],
            "master_auth": [
              {
                "client_certificate": "",
                "client_certificate_config": [
                  {
                    "issue_client_certificate": false
                  }
                ],
                "client_key": "",
                "cluster_ca_certificate": "LS0tLS1CRUdJTiBDRVJUSUZJQ0FURS0tLS0tCk1JSUVMVENDQXBXZ0F3SUJBZ0lSQUxYOXIyeE83L3ROSWZ3TVpOQ0V2VVl3RFFZSktvWklodmNOQVFFTEJRQXcKTHpFdE1Dc0dBMVVFQXhNa01XRmtaVFV3TmpNdFpXVXhZaTAwT0dKakxUZ3lNbUl0TkdWaVkyTTFPRE0xT1RGaApNQ0FYRFRJMU1ETXlOakE0TlRVek1Wb1lEekl3TlRVd016RTVNRGsxTlRNeFdqQXZNUzB3S3dZRFZRUURFeVF4CllXUmxOVEEyTXkxbFpURmlMVFE0WW1NdE9ESXlZaTAwWldKall6VTRNelU1TVdFd2dnR2lNQTBHQ1NxR1NJYjMKRFFFQkFRVUFBNElCandBd2dnR0tBb0lCZ1FEbmU0bDJoTXMrRm5FdVlhczg5dlJBNG54VVBHRUI2NGE0ckZMdApRL1FFR0pwcTNQK2FxeG8xdTZuaGZCUzhkTU13RTJUZUFKNEIyQ0xzc0V2LzNOa1R2clU2c2lnbHNvQUt3UTJZCmNSTGdyNnhaTHlvVkRmUTQ5WDlIYUswM0pyQVp2S1hoc0JTb1NOWThaYVZDcnV3T2s3dTZHQmw0UW1OeWVheTgKMWpPb0c0cGRSNEF3c25SU29Ia1BKWkpyZitRM1V1UHZ6ck5TSmNHWGo2UDAwQWxyMHRvUTBnWDh1MlRLaWFoWgpEYzNEU3FHTXlOb08zU3o3V1pZMm11eEMzZkVsbFdSQXNVVzNZSmVWQmVMQXRxNkl4S04wUnN3bVliTFNuRlRVClVoR0pFVWRCZmsyNzgvMHlZNjU1MHVQNXVFWkhxQTRRNzFFajk0WnNQMXE3b25xYW44MDA4UjlUanJSMnEyTkcKbENONWlQOEdNWjVzaHJIaGZaOWo1cllLNnAxemJrWkVDQ2NaM1h0NlpnM1A0V1l0cTNIdStQVEFjUzZreTg1bQp0cVZyb1pKM3lkMC9ydDBHM0xIdC91Qm51TUhBaFU3Q25Qb25Kd3J2VFJZY3pvNFJEWjdhMmJLTjh2QnZMK1ZxCi9LaGpkdjBDa2MxY09CcVQ5MUw2UW1yUGJla0NBd0VBQWFOQ01FQXdEZ1lEVlIwUEFRSC9CQVFEQWdJRU1BOEcKQTFVZEV3RUIvd1FGTUFNQkFmOHdIUVlEVlIwT0JCWUVGSnk4cmFTU25Ya1RVbHp6Z0FWMnl3UTBtRnJiTUEwRwpDU3FHU0liM0RRRUJDd1VBQTRJQmdRQzdXWTMvM3M4VEMwUlVTSHU4NWY3czF2L0RXME96OGdBZXY4MndNdkx3CjlTUTF2MVJjT3JtdGhUaXc0VDFkcE1XeEYvVVo1VHp0eEtub3B6UEpIK2NGZnhwR1ZsdDFNOThjbGdVZXJWN2MKMUd3R1EvaXdjTm05REw1SW90N2NZTzJsUGdnMW1BMWdyODFjS3F5bmVIcHQzVGJJNTZBV3Zwalk5dUVJQ0lZSQpiaHBYZTNMMUNqZURCWjFGQXQrd2NWc3hGbEYwSFZDSTBmZTFsbW05a2piendOWk9BZTREc1ZpWkhVSGw0ZHhOCnNIZFhlcjY2b2dPSE9qQldkSHk4eHhRWTZHZ0NqVzloeG1OUmx2eVEzNTlSQUVqQWczUU52WUtycHRvdkxZQ3MKMHRrWW8ySjRsOXZtMFJGeC8wcERtR050LzQ5V3p2R0tvNWo1ZDRpK2N2M2lOUjJ2UXljRk16LytVNVA3UlpZaAo2bDBMQ2hRRGFFRlg2MG9wK0lYckFFQ2JhOVNiVlFjTVYwOWhvK1hFVFZ6OFJPYStHb1g3a0pETWp2YVlMeVJiCm9XWlZHTUtPdVB5Z1dtSzlZZk1Bb2RVZnpWK25oMVFJTDc5Z0pwajIwZTFoalkxSWZLSStPVEsyRTdGSlZUVUkKSW9QVW5Yb2tyQzdXeWcrL252dkFrMlE9Ci0tLS0tRU5EIENFUlRJRklDQVRFLS0tLS0K"
              }
            ],
            "master_authorized_networks_config": [],
            "master_version": "1.31.6-gke.1020000",
            "mesh_certificates": [],
            "min_master_version": null,
            "monitoring_config": [
              {
                "advanced_datapath_observability_config": [
                  {
                    "enable_metrics": false,
                    "relay_mode": ""
                  }
                ],
                "enable_components": [
                  "SYSTEM_COMPONENTS",
                  "DAEMONSET",
                  "DEPLOYMENT",
                  "STATEFULSET",
                  "STORAGE",
                  "HPA",
                  "POD",
                  "CADVISOR",
                  "KUBELET"
                ],
                "managed_prometheus": [
                  {
                    "enabled": true
                  }
                ]
              }
            ],
            "monitoring_service": "monitoring.googleapis.com/kubernetes",
            "name": "terraform-454909-gke-cluster",
            "network": "projects/terraform-454909/global/networks/terraform-454909-vpc",
            "network_policy": [
              {
                "enabled": false,
                "provider": "PROVIDER_UNSPECIFIED"
              }
            ],
            "networking_mode": "VPC_NATIVE",
            "node_config": [],
            "node_locations": [
              "europe-west9-a",
              "europe-west9-b",
              "europe-west9-c"
            ],
            "node_pool": [],
            "node_pool_auto_config": [],
            "node_pool_defaults": [
              {
                "node_config_defaults": [
                  {
                    "logging_variant": "DEFAULT"
                  }
                ]
              }
            ],
            "node_version": "1.31.6-gke.1020000",
            "notification_config": [
              {
                "pubsub": [
                  {
                    "enabled": false,
                    "filter": [],
                    "topic": ""
                  }
                ]
              }
            ],
            "operation": null,
            "private_cluster_config": [
              {
                "enable_private_endpoint": false,
                "enable_private_nodes": false,
                "master_global_access_config": [
                  {
                    "enabled": false
                  }
                ],
                "master_ipv4_cidr_block": "",
                "peering_name": "",
                "private_endpoint": "10.10.0.2",
                "private_endpoint_subnetwork": "",
                "public_endpoint": "34.155.36.182"
              }
            ],
            "private_ipv6_google_access": "",
            "project": "terraform-454909",
            "release_channel": [
              {
                "channel": "REGULAR"
              }
            ],
            "remove_default_node_pool": true,
            "resource_labels": {},
            "resource_usage_export_config": [],
            "security_posture_config": [
              {
                "mode": "BASIC",
                "vulnerability_mode": "VULNERABILITY_MODE_UNSPECIFIED"
              }
            ],
            "self_link": "https://container.googleapis.com/v1/projects/terraform-454909/locations/europe-west9/clusters/terraform-454909-gke-cluster",
            "service_external_ips_config": [
              {
                "enabled": false
              }
            ],
            "services_ipv4_cidr": "34.118.224.0/20",
            "subnetwork": "projects/terraform-454909/regions/europe-west9/subnetworks/terraform-454909-subnet",
            "timeouts": null,
            "tpu_ipv4_cidr_block": "",
            "vertical_pod_autoscaling": [],
            "workload_identity_config": []
          },
          "sensitive_attributes": [
            [
              {
                "type": "get_attr",
                "value": "master_auth"
              },
              {
                "type": "index",
                "value": {
                  "value": 0,
                  "type": "number"
                }
              },
              {
                "type": "get_attr",
                "value": "client_key"
              }
            ]
          ],
          "private": "eyJlMmJmYjczMC1lY2FhLTExZTYtOGY4OC0zNDM2M2JjN2M0YzAiOnsiY3JlYXRlIjoyNDAwMDAwMDAwMDAwLCJkZWxldGUiOjI0MDAwMDAwMDAwMDAsInJlYWQiOjI0MDAwMDAwMDAwMDAsInVwZGF0ZSI6MzYwMDAwMDAwMDAwMH0sInNjaGVtYV92ZXJzaW9uIjoiMiJ9",
          "dependencies": [
            "google_compute_network.myvpc",
            "google_compute_subnetwork.mysubnet"
          ]
        }
      ]
    }
  ],
  "check_results": null
}
